
Microsoft Visual Studio Solution File, Format Version 12.00
# Visual Studio Version 17
VisualStudioVersion = 17.3.32825.248
MinimumVisualStudioVersion = 10.0.40219.1
Project("{9A19103F-16F7-4668-BE54-9A1E7A4F7556}") = "CryptoCurrencyRates.Client", "CryptoCurrencyRates.Client\CryptoCurrencyRates.Client.csproj", "{07BAB3F1-19F5-4A2E-A59E-16B12FD5975B}"
EndProject
Project("{9A19103F-16F7-4668-BE54-9A1E7A4F7556}") = "CryptocurrencyRates.Gateway", "CryptocurrencyRates.Gateway\CryptocurrencyRates.Gateway.csproj", "{3FF65AE9-E967-42E7-9A2C-93C19E19CA3F}"
EndProject
Project("{9A19103F-16F7-4668-BE54-9A1E7A4F7556}") = "CryptocurrencyRates.Services", "CryptocurrencyRates.Services\CryptocurrencyRates.Services.csproj", "{64BF5537-8B0C-4B19-82E6-3DC2BC1C948F}"
EndProject
Project("{FAE04EC0-301F-11D3-BF4B-00C04F79EFBC}") = "CryptocurrencyRates.Common", "CryptocurrencyRates.Common\CryptocurrencyRates.Common.csproj", "{FB0528CF-C9C7-45A7-8722-8A78E54FF633}"
EndProject
Global
	GlobalSection(SolutionConfigurationPlatforms) = preSolution
		Debug|Any CPU = Debug|Any CPU
		Release|Any CPU = Release|Any CPU
	EndGlobalSection
	GlobalSection(ProjectConfigurationPlatforms) = postSolution
		{07BAB3F1-19F5-4A2E-A59E-16B12FD5975B}.Debug|Any CPU.ActiveCfg = Debug|Any CPU
		{07BAB3F1-19F5-4A2E-A59E-16B12FD5975B}.Debug|Any CPU.Build.0 = Debug|Any CPU
		{07BAB3F1-19F5-4A2E-A59E-16B12FD5975B}.Release|Any CPU.ActiveCfg = Release|Any CPU
		{07BAB3F1-19F5-4A2E-A59E-16B12FD5975B}.Release|Any CPU.Build.0 = Release|Any CPU
		{3FF65AE9-E967-42E7-9A2C-93C19E19CA3F}.Debug|Any CPU.ActiveCfg = Debug|Any CPU
		{3FF65AE9-E967-42E7-9A2C-93C19E19CA3F}.Debug|Any CPU.Build.0 = Debug|Any CPU
		{3FF65AE9-E967-42E7-9A2C-93C19E19CA3F}.Release|Any CPU.ActiveCfg = Release|Any CPU
		{3FF65AE9-E967-42E7-9A2C-93C19E19CA3F}.Release|Any CPU.Build.0 = Release|Any CPU
		{64BF5537-8B0C-4B19-82E6-3DC2BC1C948F}.Debug|Any CPU.ActiveCfg = Debug|Any CPU
		{64BF5537-8B0C-4B19-82E6-3DC2BC1C948F}.Debug|Any CPU.Build.0 = Debug|Any CPU
		{64BF5537-8B0C-4B19-82E6-3DC2BC1C948F}.Release|Any CPU.ActiveCfg = Release|Any CPU
		{64BF5537-8B0C-4B19-82E6-3DC2BC1C948F}.Release|Any CPU.Build.0 = Release|Any CPU
		{FB0528CF-C9C7-45A7-8722-8A78E54FF633}.Debug|Any CPU.ActiveCfg = Debug|Any CPU
		{FB0528CF-C9C7-45A7-8722-8A78E54FF633}.Debug|Any CPU.Build.0 = Debug|Any CPU
		{FB0528CF-C9C7-45A7-8722-8A78E54FF633}.Release|Any CPU.ActiveCfg = Release|Any CPU
		{FB0528CF-C9C7-45A7-8722-8A78E54FF633}.Release|Any CPU.Build.0 = Release|Any CPU
	EndGlobalSection
	GlobalSection(SolutionProperties) = preSolution
		HideSolutionNode = FALSE
	EndGlobalSection
	GlobalSection(ExtensibilityGlobals) = postSolution
		SolutionGuid = {57C4019A-8791-47ED-AD79-FB700D62F907}
	EndGlobalSection
EndGlobal
